// !$*UTF8*$!
{
	archiveVersion = 1;
	classes = {
	};
	objectVersion = 56;
	objects = {

/* Begin PBXBuildFile section */
		97255F822AD035BF00AD85B4 /* csv_analysis_appApp.swift in Sources */ = {isa = PBXBuildFile; fileRef = 97255F812AD035BF00AD85B4 /* csv_analysis_appApp.swift */; };
		97255F842AD035BF00AD85B4 /* ContentView.swift in Sources */ = {isa = PBXBuildFile; fileRef = 97255F832AD035BF00AD85B4 /* ContentView.swift */; };
		97255F862AD035BF00AD85B4 /* Item.swift in Sources */ = {isa = PBXBuildFile; fileRef = 97255F852AD035BF00AD85B4 /* Item.swift */; };
		97255F882AD035C000AD85B4 /* Assets.xcassets in Resources */ = {isa = PBXBuildFile; fileRef = 97255F872AD035C000AD85B4 /* Assets.xcassets */; };
		97255F8B2AD035C000AD85B4 /* Preview Assets.xcassets in Resources */ = {isa = PBXBuildFile; fileRef = 97255F8A2AD035C000AD85B4 /* Preview Assets.xcassets */; };
		97465B962ADBCEC2005A020D /* FormView.swift in Sources */ = {isa = PBXBuildFile; fileRef = 97465B952ADBCEC2005A020D /* FormView.swift */; };
		97465B982ADBD7DA005A020D /* RadioButton.swift in Sources */ = {isa = PBXBuildFile; fileRef = 97465B972ADBD7DA005A020D /* RadioButton.swift */; };
		97465B9A2ADC1C05005A020D /* IntSlider.swift in Sources */ = {isa = PBXBuildFile; fileRef = 97465B992ADC1C05005A020D /* IntSlider.swift */; };
		978A3ACB2AD040100001E8EB /* HomeView.swift in Sources */ = {isa = PBXBuildFile; fileRef = 978A3ACA2AD040100001E8EB /* HomeView.swift */; };
		979FDB4D2ADBB81600B603A4 /* Questions.swift in Sources */ = {isa = PBXBuildFile; fileRef = 979FDB4C2ADBB81600B603A4 /* Questions.swift */; };
/* End PBXBuildFile section */

/* Begin PBXFileReference section */
		97255F7E2AD035BF00AD85B4 /* csv_analysis_app.app */ = {isa = PBXFileReference; explicitFileType = wrapper.application; includeInIndex = 0; path = csv_analysis_app.app; sourceTree = BUILT_PRODUCTS_DIR; };
		97255F812AD035BF00AD85B4 /* csv_analysis_appApp.swift */ = {isa = PBXFileReference; lastKnownFileType = sourcecode.swift; path = csv_analysis_appApp.swift; sourceTree = "<group>"; };
		97255F832AD035BF00AD85B4 /* ContentView.swift */ = {isa = PBXFileReference; lastKnownFileType = sourcecode.swift; path = ContentView.swift; sourceTree = "<group>"; };
		97255F852AD035BF00AD85B4 /* Item.swift */ = {isa = PBXFileReference; lastKnownFileType = sourcecode.swift; path = Item.swift; sourceTree = "<group>"; };
		97255F872AD035C000AD85B4 /* Assets.xcassets */ = {isa = PBXFileReference; lastKnownFileType = folder.assetcatalog; path = Assets.xcassets; sourceTree = "<group>"; };
		97255F8A2AD035C000AD85B4 /* Preview Assets.xcassets */ = {isa = PBXFileReference; lastKnownFileType = folder.assetcatalog; path = "Preview Assets.xcassets"; sourceTree = "<group>"; };
		97255F8C2AD035C000AD85B4 /* csv_analysis_app.entitlements */ = {isa = PBXFileReference; lastKnownFileType = text.plist.entitlements; path = csv_analysis_app.entitlements; sourceTree = "<group>"; };
		97255F8D2AD035C000AD85B4 /* Info.plist */ = {isa = PBXFileReference; lastKnownFileType = text.plist.xml; path = Info.plist; sourceTree = "<group>"; };
		97465B952ADBCEC2005A020D /* FormView.swift */ = {isa = PBXFileReference; lastKnownFileType = sourcecode.swift; path = FormView.swift; sourceTree = "<group>"; };
		97465B972ADBD7DA005A020D /* RadioButton.swift */ = {isa = PBXFileReference; lastKnownFileType = sourcecode.swift; path = RadioButton.swift; sourceTree = "<group>"; };
		97465B992ADC1C05005A020D /* IntSlider.swift */ = {isa = PBXFileReference; lastKnownFileType = sourcecode.swift; path = IntSlider.swift; sourceTree = "<group>"; };
		978A3ACA2AD040100001E8EB /* HomeView.swift */ = {isa = PBXFileReference; lastKnownFileType = sourcecode.swift; path = HomeView.swift; sourceTree = "<group>"; };
		979FDB4C2ADBB81600B603A4 /* Questions.swift */ = {isa = PBXFileReference; lastKnownFileType = sourcecode.swift; path = Questions.swift; sourceTree = "<group>"; };
/* End PBXFileReference section */

/* Begin PBXFrameworksBuildPhase section */
		97255F7B2AD035BF00AD85B4 /* Frameworks */ = {
			isa = PBXFrameworksBuildPhase;
			buildActionMask = 2147483647;
			files = (
			);
			runOnlyForDeploymentPostprocessing = 0;
		};
/* End PBXFrameworksBuildPhase section */

/* Begin PBXGroup section */
		97255F752AD035BF00AD85B4 = {
			isa = PBXGroup;
			children = (
				97255F802AD035BF00AD85B4 /* csv_analysis_app */,
				97255F7F2AD035BF00AD85B4 /* Products */,
			);
			sourceTree = "<group>";
		};
		97255F7F2AD035BF00AD85B4 /* Products */ = {
			isa = PBXGroup;
			children = (
				97255F7E2AD035BF00AD85B4 /* csv_analysis_app.app */,
			);
			name = Products;
			sourceTree = "<group>";
		};
		97255F802AD035BF00AD85B4 /* csv_analysis_app */ = {
			isa = PBXGroup;
			children = (
				97255F812AD035BF00AD85B4 /* csv_analysis_appApp.swift */,
				97255F832AD035BF00AD85B4 /* ContentView.swift */,
				978A3ACA2AD040100001E8EB /* HomeView.swift */,
				97465B952ADBCEC2005A020D /* FormView.swift */,
				97465B9B2ADC1C12005A020D /* Compornents */,
				979FDB4C2ADBB81600B603A4 /* Questions.swift */,
				97255F852AD035BF00AD85B4 /* Item.swift */,
				97255F872AD035C000AD85B4 /* Assets.xcassets */,
				97255F8C2AD035C000AD85B4 /* csv_analysis_app.entitlements */,
				97255F8D2AD035C000AD85B4 /* Info.plist */,
				97255F892AD035C000AD85B4 /* Preview Content */,
			);
			path = csv_analysis_app;
			sourceTree = "<group>";
		};
		97255F892AD035C000AD85B4 /* Preview Content */ = {
			isa = PBXGroup;
			children = (
				97255F8A2AD035C000AD85B4 /* Preview Assets.xcassets */,
			);
			path = "Preview Content";
			sourceTree = "<group>";
		};
		97465B9B2ADC1C12005A020D /* Compornents */ = {
			isa = PBXGroup;
			children = (
				97465B972ADBD7DA005A020D /* RadioButton.swift */,
				97465B992ADC1C05005A020D /* IntSlider.swift */,
			);
			path = Compornents;
			sourceTree = "<group>";
		};
/* End PBXGroup section */

/* Begin PBXNativeTarget section */
		97255F7D2AD035BF00AD85B4 /* csv_analysis_app */ = {
			isa = PBXNativeTarget;
			buildConfigurationList = 97255F902AD035C000AD85B4 /* Build configuration list for PBXNativeTarget "csv_analysis_app" */;
			buildPhases = (
				97255F7A2AD035BF00AD85B4 /* Sources */,
				97255F7B2AD035BF00AD85B4 /* Frameworks */,
				97255F7C2AD035BF00AD85B4 /* Resources */,
			);
			buildRules = (
			);
			dependencies = (
			);
			name = csv_analysis_app;
			productName = csv_analysis_app;
			productReference = 97255F7E2AD035BF00AD85B4 /* csv_analysis_app.app */;
			productType = "com.apple.product-type.application";
		};
/* End PBXNativeTarget section */

/* Begin PBXProject section */
		97255F762AD035BF00AD85B4 /* Project object */ = {
			isa = PBXProject;
			attributes = {
				BuildIndependentTargetsInParallel = 1;
				LastSwiftUpdateCheck = 1500;
				LastUpgradeCheck = 1500;
				TargetAttributes = {
					97255F7D2AD035BF00AD85B4 = {
						CreatedOnToolsVersion = 15.0;
					};
				};
			};
			buildConfigurationList = 97255F792AD035BF00AD85B4 /* Build configuration list for PBXProject "csv_analysis_app" */;
			compatibilityVersion = "Xcode 14.0";
			developmentRegion = en;
			hasScannedForEncodings = 0;
			knownRegions = (
				en,
				Base,
			);
			mainGroup = 97255F752AD035BF00AD85B4;
			productRefGroup = 97255F7F2AD035BF00AD85B4 /* Products */;
			projectDirPath = "";
			projectRoot = "";
			targets = (
				97255F7D2AD035BF00AD85B4 /* csv_analysis_app */,
			);
		};
/* End PBXProject section */

/* Begin PBXResourcesBuildPhase section */
		97255F7C2AD035BF00AD85B4 /* Resources */ = {
			isa = PBXResourcesBuildPhase;
			buildActionMask = 2147483647;
			files = (
				97255F8B2AD035C000AD85B4 /* Preview Assets.xcassets in Resources */,
				97255F882AD035C000AD85B4 /* Assets.xcassets in Resources */,
			);
			runOnlyForDeploymentPostprocessing = 0;
		};
/* End PBXResourcesBuildPhase section */

/* Begin PBXSourcesBuildPhase section */
		97255F7A2AD035BF00AD85B4 /* Sources */ = {
			isa = PBXSourcesBuildPhase;
			buildActionMask = 2147483647;
			files = (
				97465B9A2ADC1C05005A020D /* IntSlider.swift in Sources */,
				97465B962ADBCEC2005A020D /* FormView.swift in Sources */,
				97465B982ADBD7DA005A020D /* RadioButton.swift in Sources */,
				97255F842AD035BF00AD85B4 /* ContentView.swift in Sources */,
				978A3ACB2AD040100001E8EB /* HomeView.swift in Sources */,
				97255F862AD035BF00AD85B4 /* Item.swift in Sources */,
				979FDB4D2ADBB81600B603A4 /* Questions.swift in Sources */,
				97255F822AD035BF00AD85B4 /* csv_analysis_appApp.swift in Sources */,
			);
			runOnlyForDeploymentPostprocessing = 0;
		};
/* End PBXSourcesBuildPhase section */

/* Begin XCBuildConfiguration section */
		97255F8E2AD035C000AD85B4 /* Debug */ = {
			isa = XCBuildConfiguration;
			buildSettings = {
				ALWAYS_SEARCH_USER_PATHS = NO;
				ASSETCATALOG_COMPILER_GENERATE_SWIFT_ASSET_SYMBOL_EXTENSIONS = YES;
				CLANG_ANALYZER_NONNULL = YES;
				CLANG_ANALYZER_NUMBER_OBJECT_CONVERSION = YES_AGGRESSIVE;
				CLANG_CXX_LANGUAGE_STANDARD = "gnu++20";
				CLANG_ENABLE_MODULES = YES;
				CLANG_ENABLE_OBJC_ARC = YES;
				CLANG_ENABLE_OBJC_WEAK = YES;
				CLANG_WARN_BLOCK_CAPTURE_AUTORELEASING = YES;
				CLANG_WARN_BOOL_CONVERSION = YES;
				CLANG_WARN_COMMA = YES;
				CLANG_WARN_CONSTANT_CONVERSION = YES;
				CLANG_WARN_DEPRECATED_OBJC_IMPLEMENTATIONS = YES;
				CLANG_WARN_DIRECT_OBJC_ISA_USAGE = YES_ERROR;
				CLANG_WARN_DOCUMENTATION_COMMENTS = YES;
				CLANG_WARN_EMPTY_BODY = YES;
				CLANG_WARN_ENUM_CONVERSION = YES;
				CLANG_WARN_INFINITE_RECURSION = YES;
				CLANG_WARN_INT_CONVERSION = YES;
				CLANG_WARN_NON_LITERAL_NULL_CONVERSION = YES;
				CLANG_WARN_OBJC_IMPLICIT_RETAIN_SELF = YES;
				CLANG_WARN_OBJC_LITERAL_CONVERSION = YES;
				CLANG_WARN_OBJC_ROOT_CLASS = YES_ERROR;
				CLANG_WARN_QUOTED_INCLUDE_IN_FRAMEWORK_HEADER = YES;
				CLANG_WARN_RANGE_LOOP_ANALYSIS = YES;
				CLANG_WARN_STRICT_PROTOTYPES = YES;
				CLANG_WARN_SUSPICIOUS_MOVE = YES;
				CLANG_WARN_UNGUARDED_AVAILABILITY = YES_AGGRESSIVE;
				CLANG_WARN_UNREACHABLE_CODE = YES;
				CLANG_WARN__DUPLICATE_METHOD_MATCH = YES;
				COPY_PHASE_STRIP = NO;
				DEBUG_INFORMATION_FORMAT = dwarf;
				ENABLE_STRICT_OBJC_MSGSEND = YES;
				ENABLE_TESTABILITY = YES;
				ENABLE_USER_SCRIPT_SANDBOXING = YES;
				GCC_C_LANGUAGE_STANDARD = gnu17;
				GCC_DYNAMIC_NO_PIC = NO;
				GCC_NO_COMMON_BLOCKS = YES;
				GCC_OPTIMIZATION_LEVEL = 0;
				GCC_PREPROCESSOR_DEFINITIONS = (
					"DEBUG=1",
					"$(inherited)",
				);
				GCC_WARN_64_TO_32_BIT_CONVERSION = YES;
				GCC_WARN_ABOUT_RETURN_TYPE = YES_ERROR;
				GCC_WARN_UNDECLARED_SELECTOR = YES;
				GCC_WARN_UNINITIALIZED_AUTOS = YES_AGGRESSIVE;
				GCC_WARN_UNUSED_FUNCTION = YES;
				GCC_WARN_UNUSED_VARIABLE = YES;
				IPHONEOS_DEPLOYMENT_TARGET = 17.0;
				LOCALIZATION_PREFERS_STRING_CATALOGS = YES;
				MTL_ENABLE_DEBUG_INFO = INCLUDE_SOURCE;
				MTL_FAST_MATH = YES;
				ONLY_ACTIVE_ARCH = YES;
				SDKROOT = iphoneos;
				SWIFT_ACTIVE_COMPILATION_CONDITIONS = "DEBUG $(inherited)";
				SWIFT_OPTIMIZATION_LEVEL = "-Onone";
			};
			name = Debug;
		};
		97255F8F2AD035C000AD85B4 /* Release */ = {
			isa = XCBuildConfiguration;
			buildSettings = {
				ALWAYS_SEARCH_USER_PATHS = NO;
				ASSETCATALOG_COMPILER_GENERATE_SWIFT_ASSET_SYMBOL_EXTENSIONS = YES;
				CLANG_ANALYZER_NONNULL = YES;
				CLANG_ANALYZER_NUMBER_OBJECT_CONVERSION = YES_AGGRESSIVE;
				CLANG_CXX_LANGUAGE_STANDARD = "gnu++20";
				CLANG_ENABLE_MODULES = YES;
				CLANG_ENABLE_OBJC_ARC = YES;
				CLANG_ENABLE_OBJC_WEAK = YES;
				CLANG_WARN_BLOCK_CAPTURE_AUTORELEASING = YES;
				CLANG_WARN_BOOL_CONVERSION = YES;
				CLANG_WARN_COMMA = YES;
				CLANG_WARN_CONSTANT_CONVERSION = YES;
				CLANG_WARN_DEPRECATED_OBJC_IMPLEMENTATIONS = YES;
				CLANG_WARN_DIRECT_OBJC_ISA_USAGE = YES_ERROR;
				CLANG_WARN_DOCUMENTATION_COMMENTS = YES;
				CLANG_WARN_EMPTY_BODY = YES;
				CLANG_WARN_ENUM_CONVERSION = YES;
				CLANG_WARN_INFINITE_RECURSION = YES;
				CLANG_WARN_INT_CONVERSION = YES;
				CLANG_WARN_NON_LITERAL_NULL_CONVERSION = YES;
				CLANG_WARN_OBJC_IMPLICIT_RETAIN_SELF = YES;
				CLANG_WARN_OBJC_LITERAL_CONVERSION = YES;
				CLANG_WARN_OBJC_ROOT_CLASS = YES_ERROR;
				CLANG_WARN_QUOTED_INCLUDE_IN_FRAMEWORK_HEADER = YES;
				CLANG_WARN_RANGE_LOOP_ANALYSIS = YES;
				CLANG_WARN_STRICT_PROTOTYPES = YES;
				CLANG_WARN_SUSPICIOUS_MOVE = YES;
				CLANG_WARN_UNGUARDED_AVAILABILITY = YES_AGGRESSIVE;
				CLANG_WARN_UNREACHABLE_CODE = YES;
				CLANG_WARN__DUPLICATE_METHOD_MATCH = YES;
				COPY_PHASE_STRIP = NO;
				DEBUG_INFORMATION_FORMAT = "dwarf-with-dsym";
				ENABLE_NS_ASSERTIONS = NO;
				ENABLE_STRICT_OBJC_MSGSEND = YES;
				ENABLE_USER_SCRIPT_SANDBOXING = YES;
				GCC_C_LANGUAGE_STANDARD = gnu17;
				GCC_NO_COMMON_BLOCKS = YES;
				GCC_WARN_64_TO_32_BIT_CONVERSION = YES;
				GCC_WARN_ABOUT_RETURN_TYPE = YES_ERROR;
				GCC_WARN_UNDECLARED_SELECTOR = YES;
				GCC_WARN_UNINITIALIZED_AUTOS = YES_AGGRESSIVE;
				GCC_WARN_UNUSED_FUNCTION = YES;
				GCC_WARN_UNUSED_VARIABLE = YES;
				IPHONEOS_DEPLOYMENT_TARGET = 17.0;
				LOCALIZATION_PREFERS_STRING_CATALOGS = YES;
				MTL_ENABLE_DEBUG_INFO = NO;
				MTL_FAST_MATH = YES;
				SDKROOT = iphoneos;
				SWIFT_COMPILATION_MODE = wholemodule;
				VALIDATE_PRODUCT = YES;
			};
			name = Release;
		};
		97255F912AD035C000AD85B4 /* Debug */ = {
			isa = XCBuildConfiguration;
			buildSettings = {
				ASSETCATALOG_COMPILER_APPICON_NAME = AppIcon;
				ASSETCATALOG_COMPILER_GLOBAL_ACCENT_COLOR_NAME = AccentColor;
				CODE_SIGN_ENTITLEMENTS = csv_analysis_app/csv_analysis_app.entitlements;
				CODE_SIGN_STYLE = Automatic;
				CURRENT_PROJECT_VERSION = 1;
				DEVELOPMENT_ASSET_PATHS = "\"csv_analysis_app/Preview Content\"";
				DEVELOPMENT_TEAM = FYPDVM3FRG;
				ENABLE_PREVIEWS = YES;
				GENERATE_INFOPLIST_FILE = YES;
				INFOPLIST_FILE = csv_analysis_app/Info.plist;
				INFOPLIST_KEY_UIApplicationSceneManifest_Generation = YES;
				INFOPLIST_KEY_UIApplicationSupportsIndirectInputEvents = YES;
				INFOPLIST_KEY_UILaunchScreen_Generation = YES;
				INFOPLIST_KEY_UISupportedInterfaceOrientations_iPad = "UIInterfaceOrientationPortrait UIInterfaceOrientationPortraitUpsideDown UIInterfaceOrientationLandscapeLeft UIInterfaceOrientationLandscapeRight";
				INFOPLIST_KEY_UISupportedInterfaceOrientations_iPhone = "UIInterfaceOrientationPortrait UIInterfaceOrientationLandscapeLeft UIInterfaceOrientationLandscapeRight";
				LD_RUNPATH_SEARCH_PATHS = (
					"$(inherited)",
					"@executable_path/Frameworks",
				);
				MARKETING_VERSION = 1.0;
				PRODUCT_BUNDLE_IDENTIFIER = "pokotieru.csv-analysis-app";
				PRODUCT_NAME = "$(TARGET_NAME)";
				SWIFT_EMIT_LOC_STRINGS = YES;
				SWIFT_VERSION = 5.0;
				TARGETED_DEVICE_FAMILY = "1,2";
			};
			name = Debug;
		};
		97255F922AD035C000AD85B4 /* Release */ = {
			isa = XCBuildConfiguration;
			buildSettings = {
				ASSETCATALOG_COMPILER_APPICON_NAME = AppIcon;
				ASSETCATALOG_COMPILER_GLOBAL_ACCENT_COLOR_NAME = AccentColor;
				CODE_SIGN_ENTITLEMENTS = csv_analysis_app/csv_analysis_app.entitlements;
				CODE_SIGN_STYLE = Automatic;
				CURRENT_PROJECT_VERSION = 1;
				DEVELOPMENT_ASSET_PATHS = "\"csv_analysis_app/Preview Content\"";
				DEVELOPMENT_TEAM = FYPDVM3FRG;
				ENABLE_PREVIEWS = YES;
				GENERATE_INFOPLIST_FILE = YES;
				INFOPLIST_FILE = csv_analysis_app/Info.plist;
				INFOPLIST_KEY_UIApplicationSceneManifest_Generation = YES;
				INFOPLIST_KEY_UIApplicationSupportsIndirectInputEvents = YES;
				INFOPLIST_KEY_UILaunchScreen_Generation = YES;
				INFOPLIST_KEY_UISupportedInterfaceOrientations_iPad = "UIInterfaceOrientationPortrait UIInterfaceOrientationPortraitUpsideDown UIInterfaceOrientationLandscapeLeft UIInterfaceOrientationLandscapeRight";
				INFOPLIST_KEY_UISupportedInterfaceOrientations_iPhone = "UIInterfaceOrientationPortrait UIInterfaceOrientationLandscapeLeft UIInterfaceOrientationLandscapeRight";
				LD_RUNPATH_SEARCH_PATHS = (
					"$(inherited)",
					"@executable_path/Frameworks",
				);
				MARKETING_VERSION = 1.0;
				PRODUCT_BUNDLE_IDENTIFIER = "pokotieru.csv-analysis-app";
				PRODUCT_NAME = "$(TARGET_NAME)";
				SWIFT_EMIT_LOC_STRINGS = YES;
				SWIFT_VERSION = 5.0;
				TARGETED_DEVICE_FAMILY = "1,2";
			};
			name = Release;
		};
/* End XCBuildConfiguration section */

/* Begin XCConfigurationList section */
		97255F792AD035BF00AD85B4 /* Build configuration list for PBXProject "csv_analysis_app" */ = {
			isa = XCConfigurationList;
			buildConfigurations = (
				97255F8E2AD035C000AD85B4 /* Debug */,
				97255F8F2AD035C000AD85B4 /* Release */,
			);
			defaultConfigurationIsVisible = 0;
			defaultConfigurationName = Release;
		};
		97255F902AD035C000AD85B4 /* Build configuration list for PBXNativeTarget "csv_analysis_app" */ = {
			isa = XCConfigurationList;
			buildConfigurations = (
				97255F912AD035C000AD85B4 /* Debug */,
				97255F922AD035C000AD85B4 /* Release */,
			);
			defaultConfigurationIsVisible = 0;
			defaultConfigurationName = Release;
		};
/* End XCConfigurationList section */
	};
	rootObject = 97255F762AD035BF00AD85B4 /* Project object */;
}
